
Microsoft Visual Studio Solution File, Format Version 12.00
# Visual Studio Version 16
VisualStudioVersion = 16.0.31424.327
MinimumVisualStudioVersion = 10.0.40219.1
Project("{FAE04EC0-301F-11D3-BF4B-00C04F79EFBC}") = "Presnet", "Presnet\Presnet.csproj", "{133920AA-7CD5-477C-8289-8745B7232FD6}"
EndProject
Global
	GlobalSection(SolutionConfigurationPlatforms) = preSolution
		Debug|Any CPU = Debug|Any CPU
		Release|Any CPU = Release|Any CPU
	EndGlobalSection
	GlobalSection(ProjectConfigurationPlatforms) = postSolution
		{133920AA-7CD5-477C-8289-8745B7232FD6}.Debug|Any CPU.ActiveCfg = Debug|Any CPU
		{133920AA-7CD5-477C-8289-8745B7232FD6}.Debug|Any CPU.Build.0 = Debug|Any CPU
		{133920AA-7CD5-477C-8289-8745B7232FD6}.Release|Any CPU.ActiveCfg = Release|Any CPU
		{133920AA-7CD5-477C-8289-8745B7232FD6}.Release|Any CPU.Build.0 = Release|Any CPU
	EndGlobalSection
	GlobalSection(SolutionProperties) = preSolution
		HideSolutionNode = FALSE
	EndGlobalSection
	GlobalSection(ExtensibilityGlobals) = postSolution
		SolutionGuid = {0FB0AFCA-C964-4063-9A1C-981F52D83D36}
	EndGlobalSection
EndGlobal
